hash: b029728b374479f123fb0a9e18baf51eb55dcc46a7ffcad25e0dbac5eec21964
updated: 2018-04-05T00:55:15.05013775-04:00
imports:
- name: github.com/abbot/go-http-auth
  version: 0ddd408d5d60ea76e320503cc7dd091992dee608
- name: golang.org/x/crypto
  version: b2aa35443fbc700ab74c586ae79b81c171851023
  subpackages:
  - bcrypt
  - blowfish
- name: golang.org/x/net
  version: b3c676e531a6dc479fa1b35ac961c13f5e2b4d2e
  subpackages:
  - context
testImports: []
